
Microsoft Visual Studio Solution File, Format Version 12.00
Project("{FAE04EC0-301F-11D3-BF4B-00C04F79EFBC}") = "ServerCore", "ServerCore\ServerCore.csproj", "{0394ACBF-AA4B-40B3-9128-2B28B6B37E6D}"
EndProject
Project("{2150E333-8FDC-42A3-9474-1A3956D46DE8}") = "Tools", "Tools", "{77C18D65-66F9-4086-8DA2-3407AAC52CA1}"
EndProject
Project("{FAE04EC0-301F-11D3-BF4B-00C04F79EFBC}") = "PacketGenerator", "PacketGenerator\PacketGenerator.csproj", "{9F42DF5E-20A7-4CF1-8656-DB26BC33B115}"
EndProject
Project("{FAE04EC0-301F-11D3-BF4B-00C04F79EFBC}") = "Server", "Server\Server.csproj", "{D527EF62-8B81-4173-9180-97ED188E59EC}"
EndProject
Project("{FAE04EC0-301F-11D3-BF4B-00C04F79EFBC}") = "DummyClient", "DummyClient\DummyClient.csproj", "{6BB7325C-DD0E-4AE2-B96B-1FD534232BF1}"
EndProject
Global
	GlobalSection(SolutionConfigurationPlatforms) = preSolution
		Debug|Any CPU = Debug|Any CPU
		Release|Any CPU = Release|Any CPU
	EndGlobalSection
	GlobalSection(ProjectConfigurationPlatforms) = postSolution
		{0394ACBF-AA4B-40B3-9128-2B28B6B37E6D}.Debug|Any CPU.ActiveCfg = Debug|Any CPU
		{0394ACBF-AA4B-40B3-9128-2B28B6B37E6D}.Debug|Any CPU.Build.0 = Debug|Any CPU
		{0394ACBF-AA4B-40B3-9128-2B28B6B37E6D}.Release|Any CPU.ActiveCfg = Release|Any CPU
		{0394ACBF-AA4B-40B3-9128-2B28B6B37E6D}.Release|Any CPU.Build.0 = Release|Any CPU
		{9F42DF5E-20A7-4CF1-8656-DB26BC33B115}.Debug|Any CPU.ActiveCfg = Debug|Any CPU
		{9F42DF5E-20A7-4CF1-8656-DB26BC33B115}.Debug|Any CPU.Build.0 = Debug|Any CPU
		{9F42DF5E-20A7-4CF1-8656-DB26BC33B115}.Release|Any CPU.ActiveCfg = Release|Any CPU
		{9F42DF5E-20A7-4CF1-8656-DB26BC33B115}.Release|Any CPU.Build.0 = Release|Any CPU
		{D527EF62-8B81-4173-9180-97ED188E59EC}.Debug|Any CPU.ActiveCfg = Debug|Any CPU
		{D527EF62-8B81-4173-9180-97ED188E59EC}.Debug|Any CPU.Build.0 = Debug|Any CPU
		{D527EF62-8B81-4173-9180-97ED188E59EC}.Release|Any CPU.ActiveCfg = Release|Any CPU
		{D527EF62-8B81-4173-9180-97ED188E59EC}.Release|Any CPU.Build.0 = Release|Any CPU
		{6BB7325C-DD0E-4AE2-B96B-1FD534232BF1}.Debug|Any CPU.ActiveCfg = Debug|Any CPU
		{6BB7325C-DD0E-4AE2-B96B-1FD534232BF1}.Debug|Any CPU.Build.0 = Debug|Any CPU
		{6BB7325C-DD0E-4AE2-B96B-1FD534232BF1}.Release|Any CPU.ActiveCfg = Release|Any CPU
		{6BB7325C-DD0E-4AE2-B96B-1FD534232BF1}.Release|Any CPU.Build.0 = Release|Any CPU
	EndGlobalSection
	GlobalSection(NestedProjects) = preSolution
		{9F42DF5E-20A7-4CF1-8656-DB26BC33B115} = {77C18D65-66F9-4086-8DA2-3407AAC52CA1}
	EndGlobalSection
EndGlobal
